
Microsoft Visual Studio Solution File, Format Version 12.00
# Visual Studio Version 17
VisualStudioVersion = 17.6.33829.357
MinimumVisualStudioVersion = 10.0.40219.1
Project("{FAE04EC0-301F-11D3-BF4B-00C04F79EFBC}") = "csharp_bai4", "csharp_bai4.csproj", "{EF425476-2D39-4017-A5FF-F7DB75152FD5}"
EndProject
Global
	GlobalSection(SolutionConfigurationPlatforms) = preSolution
		Debug|Any CPU = Debug|Any CPU
		Release|Any CPU = Release|Any CPU
	EndGlobalSection
	GlobalSection(ProjectConfigurationPlatforms) = postSolution
		{EF425476-2D39-4017-A5FF-F7DB75152FD5}.Debug|Any CPU.ActiveCfg = Debug|Any CPU
		{EF425476-2D39-4017-A5FF-F7DB75152FD5}.Debug|Any CPU.Build.0 = Debug|Any CPU
		{EF425476-2D39-4017-A5FF-F7DB75152FD5}.Release|Any CPU.ActiveCfg = Release|Any CPU
		{EF425476-2D39-4017-A5FF-F7DB75152FD5}.Release|Any CPU.Build.0 = Release|Any CPU
	EndGlobalSection
	GlobalSection(SolutionProperties) = preSolution
		HideSolutionNode = FALSE
	EndGlobalSection
	GlobalSection(ExtensibilityGlobals) = postSolution
		SolutionGuid = {6F2804D2-EF63-43C7-8290-03B68DAB1ED0}
	EndGlobalSection
EndGlobal
